
Microsoft Visual Studio Solution File, Format Version 12.00
# Visual Studio Version 17
VisualStudioVersion = 17.7.34202.233
MinimumVisualStudioVersion = 10.0.40219.1
Project("{FAE04EC0-301F-11D3-BF4B-00C04F79EFBC}") = "SQLLesson2", "SQLLesson2\SQLLesson2.csproj", "{5CEF56A5-F53E-4EE6-A764-3B305C490E4B}"
EndProject
Global
	GlobalSection(SolutionConfigurationPlatforms) = preSolution
		Debug|Any CPU = Debug|Any CPU
		Release|Any CPU = Release|Any CPU
	EndGlobalSection
	GlobalSection(ProjectConfigurationPlatforms) = postSolution
		{5CEF56A5-F53E-4EE6-A764-3B305C490E4B}.Debug|Any CPU.ActiveCfg = Debug|Any CPU
		{5CEF56A5-F53E-4EE6-A764-3B305C490E4B}.Debug|Any CPU.Build.0 = Debug|Any CPU
		{5CEF56A5-F53E-4EE6-A764-3B305C490E4B}.Release|Any CPU.ActiveCfg = Release|Any CPU
		{5CEF56A5-F53E-4EE6-A764-3B305C490E4B}.Release|Any CPU.Build.0 = Release|Any CPU
	EndGlobalSection
	GlobalSection(SolutionProperties) = preSolution
		HideSolutionNode = FALSE
	EndGlobalSection
	GlobalSection(ExtensibilityGlobals) = postSolution
		SolutionGuid = {63F240D3-7B44-4584-A218-76ABF05A2834}
	EndGlobalSection
EndGlobal
